{
  "name": "etf-campus-community-maintenance",
  "version": "0.1.0",
  "lockfileVersion": 3,
  "requires": true,
  "packages": {
    "": {
      "name": "etf-campus-community-maintenance",
      "version": "0.1.0",
      "devDependencies": {
        "@cloudflare/workers-types": "^5.20260821.1",
        "typescript": "^5.9.3"
      }
    },
    "node_modules/@cloudflare/workers-types": {
      "version": "5.20260823.1",
      "resolved": "https://registry.npmjs.org/@cloudflare/workers-types/-/workers-types-5.20260823.1.tgz",
      "integrity": "sha512-HdBVDR/gecQ5QwB+DZ9kB5yjNZLS85fe8bMB2K/k0xmCvaoMlAFrQQGLaCBYR00j+i9aTkQzwfrPInVZwlMPwQ==",
      "dev": true,
      "license": "MIT OR Apache-2.0"
    },
    "node_modules/typescript": {
      "version": "5.9.3",
      "resolved": "https://registry.npmjs.org/typescript/-/typescript-5.9.3.tgz",
      "integrity": "sha512-jl1vZzPDinLr9eUt3J/t7V6FgNEw9QjvBPdysz9KfQDD41fQrC2Y4vKQdiaUpFT4bXlb1RHhLpp8wtm6M5TgSw==",
      "dev": true,
      "license": "Apache-2.0",
      "bin": {
        "tsc": "bin/tsc",
        "tsserver": "bin/tsserver"
      },
      "engines": {
        "node": ">=14.17"
      }
    }
  }
}
